
Microsoft Visual Studio Solution File, Format Version 12.00
# Visual Studio 15
VisualStudioVersion = 15.0.28307.572
MinimumVisualStudioVersion = 10.0.40219.1
Project("{888888A0-9F3D-457C-B088-3A5042F75D52}") = "potencia", "potencia\potencia.pyproj", "{141ADA5A-546C-4ABF-AA12-DAADB3B81CEF}"
EndProject
Global
	GlobalSection(SolutionConfigurationPlatforms) = preSolution
		Debug|Any CPU = Debug|Any CPU
		Release|Any CPU = Release|Any CPU
	EndGlobalSection
	GlobalSection(ProjectConfigurationPlatforms) = postSolution
		{141ADA5A-546C-4ABF-AA12-DAADB3B81CEF}.Debug|Any CPU.ActiveCfg = Debug|Any CPU
		{141ADA5A-546C-4ABF-AA12-DAADB3B81CEF}.Release|Any CPU.ActiveCfg = Release|Any CPU
	EndGlobalSection
	GlobalSection(SolutionProperties) = preSolution
		HideSolutionNode = FALSE
	EndGlobalSection
	GlobalSection(ExtensibilityGlobals) = postSolution
		SolutionGuid = {FC678778-3622-49D9-8790-1F6E2463BE00}
	EndGlobalSection
EndGlobal
