
Microsoft Visual Studio Solution File, Format Version 12.00
# Visual Studio 15
VisualStudioVersion = 15.0.26730.8
MinimumVisualStudioVersion = 10.0.40219.1
Project("{888888A0-9F3D-457C-B088-3A5042F75D52}") = "hotelDAS", "hotelDAS\hotelDAS.pyproj", "{B7CB09E9-8A3F-43B4-81B8-73E4D6B7FA60}"
EndProject
Global
	GlobalSection(SolutionConfigurationPlatforms) = preSolution
		Debug|Any CPU = Debug|Any CPU
		Release|Any CPU = Release|Any CPU
	EndGlobalSection
	GlobalSection(ProjectConfigurationPlatforms) = postSolution
		{B7CB09E9-8A3F-43B4-81B8-73E4D6B7FA60}.Debug|Any CPU.ActiveCfg = Debug|Any CPU
		{B7CB09E9-8A3F-43B4-81B8-73E4D6B7FA60}.Debug|Any CPU.Build.0 = Debug|Any CPU
		{B7CB09E9-8A3F-43B4-81B8-73E4D6B7FA60}.Release|Any CPU.ActiveCfg = Release|Any CPU
		{B7CB09E9-8A3F-43B4-81B8-73E4D6B7FA60}.Release|Any CPU.Build.0 = Release|Any CPU
	EndGlobalSection
	GlobalSection(SolutionProperties) = preSolution
		HideSolutionNode = FALSE
	EndGlobalSection
	GlobalSection(ExtensibilityGlobals) = postSolution
		SolutionGuid = {79EA2937-BC84-4CCF-90C8-1EAABFF5E05B}
	EndGlobalSection
EndGlobal
